
Microsoft Visual Studio Solution File, Format Version 12.00
# Visual Studio 14
VisualStudioVersion = 14.0.25420.1
MinimumVisualStudioVersion = 10.0.40219.1
Project("{2150E333-8FDC-42A3-9474-1A3956D46DE8}") = "test", "test", "{FBC4A4C1-2181-4FAC-9413-C60C31DF9359}"
EndProject
Project("{2150E333-8FDC-42A3-9474-1A3956D46DE8}") = "src", "src", "{5B56EFFF-C7C8-48DA-AC4D-7CA27A928D1F}"
EndProject
Project("{2150E333-8FDC-42A3-9474-1A3956D46DE8}") = "doc", "doc", "{D144AE02-95C7-46D1-A572-EBEE08FA4EBF}"
	ProjectSection(SolutionItems) = preProject
		CHANGELOG.md = CHANGELOG.md
		doc\Development.md = doc\Development.md
		doc\Downloads.md = doc\Downloads.md
		PipServices.Azure.nuspec = PipServices.Azure.nuspec
		README.md = README.md
	EndProjectSection
EndProject
Project("{FAE04EC0-301F-11D3-BF4B-00C04F79EFBC}") = "PipServices.Azure.Net45", "src\PipServices.Azure.Net45\PipServices.Azure.Net45.csproj", "{616316BD-8017-4734-85FD-F5CAA5F2605D}"
EndProject
Project("{FAE04EC0-301F-11D3-BF4B-00C04F79EFBC}") = "PipServices.Azure.Net45.Test", "test\PipServices.Azure.Net45.Test\PipServices.Azure.Net45.Test.csproj", "{2B76EAB0-6D5F-4D19-AD0A-07F4B242EBBC}"
EndProject
Global
	GlobalSection(SolutionConfigurationPlatforms) = preSolution
		Debug|Any CPU = Debug|Any CPU
		Release|Any CPU = Release|Any CPU
	EndGlobalSection
	GlobalSection(ProjectConfigurationPlatforms) = postSolution
		{616316BD-8017-4734-85FD-F5CAA5F2605D}.Debug|Any CPU.ActiveCfg = Debug|Any CPU
		{616316BD-8017-4734-85FD-F5CAA5F2605D}.Debug|Any CPU.Build.0 = Debug|Any CPU
		{616316BD-8017-4734-85FD-F5CAA5F2605D}.Release|Any CPU.ActiveCfg = Release|Any CPU
		{616316BD-8017-4734-85FD-F5CAA5F2605D}.Release|Any CPU.Build.0 = Release|Any CPU
		{2B76EAB0-6D5F-4D19-AD0A-07F4B242EBBC}.Debug|Any CPU.ActiveCfg = Debug|Any CPU
		{2B76EAB0-6D5F-4D19-AD0A-07F4B242EBBC}.Debug|Any CPU.Build.0 = Debug|Any CPU
		{2B76EAB0-6D5F-4D19-AD0A-07F4B242EBBC}.Release|Any CPU.ActiveCfg = Release|Any CPU
		{2B76EAB0-6D5F-4D19-AD0A-07F4B242EBBC}.Release|Any CPU.Build.0 = Release|Any CPU
	EndGlobalSection
	GlobalSection(SolutionProperties) = preSolution
		HideSolutionNode = FALSE
	EndGlobalSection
	GlobalSection(NestedProjects) = preSolution
		{616316BD-8017-4734-85FD-F5CAA5F2605D} = {5B56EFFF-C7C8-48DA-AC4D-7CA27A928D1F}
		{2B76EAB0-6D5F-4D19-AD0A-07F4B242EBBC} = {FBC4A4C1-2181-4FAC-9413-C60C31DF9359}
	EndGlobalSection
EndGlobal
